
Microsoft Visual Studio Solution File, Format Version 12.00
# Visual Studio Version 17
VisualStudioVersion = 17.5.33414.496
MinimumVisualStudioVersion = 10.0.40219.1
Project("{9A19103F-16F7-4668-BE54-9A1E7A4F7556}") = "PlantShop", "PlantShop\PlantShop.csproj", "{E2A05BB9-B390-4093-908D-BFCA36A48D64}"
EndProject
Project("{FAE04EC0-301F-11D3-BF4B-00C04F79EFBC}") = "PlantShop.DataAccess", "PlantShop.DataAccess\PlantShop.DataAccess.csproj", "{BFF0761C-6540-408B-8B93-3F86D8B3094B}"
EndProject
Project("{FAE04EC0-301F-11D3-BF4B-00C04F79EFBC}") = "PlantShop.Domain", "PlantShop.Domain\PlantShop.Domain.csproj", "{40304701-F55D-4261-966D-3863CD41B36A}"
EndProject
Project("{FAE04EC0-301F-11D3-BF4B-00C04F79EFBC}") = "PlantShop.DTOs", "PlantShop.DTOs\PlantShop.DTOs.csproj", "{5394DF9F-D493-4458-B2F5-7BB8D469DEE5}"
EndProject
Project("{FAE04EC0-301F-11D3-BF4B-00C04F79EFBC}") = "PlantShop.Mappers", "PlantShop.Mappers\PlantShop.Mappers.csproj", "{754FD8A1-692C-4356-8D8B-C721775DEFCD}"
EndProject
Project("{FAE04EC0-301F-11D3-BF4B-00C04F79EFBC}") = "PlantShop.Helpers", "PlantShop.Helpers\PlantShop.Helpers.csproj", "{8D208598-BC89-4AE7-8AEA-1DA50E74EAC8}"
EndProject
Project("{FAE04EC0-301F-11D3-BF4B-00C04F79EFBC}") = "PlantShop.Services", "PlantShop.Services\PlantShop.Services.csproj", "{FC7DF7AC-E877-4308-BD89-F04512E422F0}"
EndProject
Project("{FAE04EC0-301F-11D3-BF4B-00C04F79EFBC}") = "PlantShop.Shared", "PlantShop.Shared\PlantShop.Shared.csproj", "{27A1EDE2-6E26-4304-8883-CDC614229CCC}"
EndProject
Global
	GlobalSection(SolutionConfigurationPlatforms) = preSolution
		Debug|Any CPU = Debug|Any CPU
		Release|Any CPU = Release|Any CPU
	EndGlobalSection
	GlobalSection(ProjectConfigurationPlatforms) = postSolution
		{E2A05BB9-B390-4093-908D-BFCA36A48D64}.Debug|Any CPU.ActiveCfg = Debug|Any CPU
		{E2A05BB9-B390-4093-908D-BFCA36A48D64}.Debug|Any CPU.Build.0 = Debug|Any CPU
		{E2A05BB9-B390-4093-908D-BFCA36A48D64}.Release|Any CPU.ActiveCfg = Release|Any CPU
		{E2A05BB9-B390-4093-908D-BFCA36A48D64}.Release|Any CPU.Build.0 = Release|Any CPU
		{BFF0761C-6540-408B-8B93-3F86D8B3094B}.Debug|Any CPU.ActiveCfg = Debug|Any CPU
		{BFF0761C-6540-408B-8B93-3F86D8B3094B}.Debug|Any CPU.Build.0 = Debug|Any CPU
		{BFF0761C-6540-408B-8B93-3F86D8B3094B}.Release|Any CPU.ActiveCfg = Release|Any CPU
		{BFF0761C-6540-408B-8B93-3F86D8B3094B}.Release|Any CPU.Build.0 = Release|Any CPU
		{40304701-F55D-4261-966D-3863CD41B36A}.Debug|Any CPU.ActiveCfg = Debug|Any CPU
		{40304701-F55D-4261-966D-3863CD41B36A}.Debug|Any CPU.Build.0 = Debug|Any CPU
		{40304701-F55D-4261-966D-3863CD41B36A}.Release|Any CPU.ActiveCfg = Release|Any CPU
		{40304701-F55D-4261-966D-3863CD41B36A}.Release|Any CPU.Build.0 = Release|Any CPU
		{5394DF9F-D493-4458-B2F5-7BB8D469DEE5}.Debug|Any CPU.ActiveCfg = Debug|Any CPU
		{5394DF9F-D493-4458-B2F5-7BB8D469DEE5}.Debug|Any CPU.Build.0 = Debug|Any CPU
		{5394DF9F-D493-4458-B2F5-7BB8D469DEE5}.Release|Any CPU.ActiveCfg = Release|Any CPU
		{5394DF9F-D493-4458-B2F5-7BB8D469DEE5}.Release|Any CPU.Build.0 = Release|Any CPU
		{754FD8A1-692C-4356-8D8B-C721775DEFCD}.Debug|Any CPU.ActiveCfg = Debug|Any CPU
		{754FD8A1-692C-4356-8D8B-C721775DEFCD}.Debug|Any CPU.Build.0 = Debug|Any CPU
		{754FD8A1-692C-4356-8D8B-C721775DEFCD}.Release|Any CPU.ActiveCfg = Release|Any CPU
		{754FD8A1-692C-4356-8D8B-C721775DEFCD}.Release|Any CPU.Build.0 = Release|Any CPU
		{8D208598-BC89-4AE7-8AEA-1DA50E74EAC8}.Debug|Any CPU.ActiveCfg = Debug|Any CPU
		{8D208598-BC89-4AE7-8AEA-1DA50E74EAC8}.Debug|Any CPU.Build.0 = Debug|Any CPU
		{8D208598-BC89-4AE7-8AEA-1DA50E74EAC8}.Release|Any CPU.ActiveCfg = Release|Any CPU
		{8D208598-BC89-4AE7-8AEA-1DA50E74EAC8}.Release|Any CPU.Build.0 = Release|Any CPU
		{FC7DF7AC-E877-4308-BD89-F04512E422F0}.Debug|Any CPU.ActiveCfg = Debug|Any CPU
		{FC7DF7AC-E877-4308-BD89-F04512E422F0}.Debug|Any CPU.Build.0 = Debug|Any CPU
		{FC7DF7AC-E877-4308-BD89-F04512E422F0}.Release|Any CPU.ActiveCfg = Release|Any CPU
		{FC7DF7AC-E877-4308-BD89-F04512E422F0}.Release|Any CPU.Build.0 = Release|Any CPU
		{27A1EDE2-6E26-4304-8883-CDC614229CCC}.Debug|Any CPU.ActiveCfg = Debug|Any CPU
		{27A1EDE2-6E26-4304-8883-CDC614229CCC}.Debug|Any CPU.Build.0 = Debug|Any CPU
		{27A1EDE2-6E26-4304-8883-CDC614229CCC}.Release|Any CPU.ActiveCfg = Release|Any CPU
		{27A1EDE2-6E26-4304-8883-CDC614229CCC}.Release|Any CPU.Build.0 = Release|Any CPU
	EndGlobalSection
	GlobalSection(SolutionProperties) = preSolution
		HideSolutionNode = FALSE
	EndGlobalSection
	GlobalSection(ExtensibilityGlobals) = postSolution
		SolutionGuid = {A0AC02DD-6CE8-4AB3-88A1-5C131DC31C71}
	EndGlobalSection
EndGlobal
